
Microsoft Visual Studio Solution File, Format Version 12.00
# Visual Studio Version 17
VisualStudioVersion = 17.0.31912.275
MinimumVisualStudioVersion = 10.0.40219.1
Project("{FAE04EC0-301F-11D3-BF4B-00C04F79EFBC}") = "Task 4", "Task 4\Task 4.csproj", "{453D4378-D7C8-47A0-975C-0F81E11793A2}"
EndProject
Global
	GlobalSection(SolutionConfigurationPlatforms) = preSolution
		Debug|Any CPU = Debug|Any CPU
		Release|Any CPU = Release|Any CPU
	EndGlobalSection
	GlobalSection(ProjectConfigurationPlatforms) = postSolution
		{453D4378-D7C8-47A0-975C-0F81E11793A2}.Debug|Any CPU.ActiveCfg = Debug|Any CPU
		{453D4378-D7C8-47A0-975C-0F81E11793A2}.Debug|Any CPU.Build.0 = Debug|Any CPU
		{453D4378-D7C8-47A0-975C-0F81E11793A2}.Release|Any CPU.ActiveCfg = Release|Any CPU
		{453D4378-D7C8-47A0-975C-0F81E11793A2}.Release|Any CPU.Build.0 = Release|Any CPU
	EndGlobalSection
	GlobalSection(SolutionProperties) = preSolution
		HideSolutionNode = FALSE
	EndGlobalSection
	GlobalSection(ExtensibilityGlobals) = postSolution
		SolutionGuid = {226660A1-CF24-4B59-9BA3-4F11BDA5FAEC}
	EndGlobalSection
EndGlobal
