
Microsoft Visual Studio Solution File, Format Version 12.00
# Visual Studio Version 17
VisualStudioVersion = 17.0.31912.275
MinimumVisualStudioVersion = 10.0.40219.1
Project("{FAE04EC0-301F-11D3-BF4B-00C04F79EFBC}") = "Task 1", "Task 1\Task 1.csproj", "{82EE1800-8702-4634-AA9D-E30314277B01}"
EndProject
Project("{FAE04EC0-301F-11D3-BF4B-00C04F79EFBC}") = "Task 2", "..\Task 2\Task 2.csproj", "{6C516934-EDC8-4450-A26C-838623DC67E1}"
EndProject
Global
	GlobalSection(SolutionConfigurationPlatforms) = preSolution
		Debug|Any CPU = Debug|Any CPU
		Release|Any CPU = Release|Any CPU
	EndGlobalSection
	GlobalSection(ProjectConfigurationPlatforms) = postSolution
		{82EE1800-8702-4634-AA9D-E30314277B01}.Debug|Any CPU.ActiveCfg = Debug|Any CPU
		{82EE1800-8702-4634-AA9D-E30314277B01}.Debug|Any CPU.Build.0 = Debug|Any CPU
		{82EE1800-8702-4634-AA9D-E30314277B01}.Release|Any CPU.ActiveCfg = Release|Any CPU
		{82EE1800-8702-4634-AA9D-E30314277B01}.Release|Any CPU.Build.0 = Release|Any CPU
		{6C516934-EDC8-4450-A26C-838623DC67E1}.Debug|Any CPU.ActiveCfg = Debug|Any CPU
		{6C516934-EDC8-4450-A26C-838623DC67E1}.Debug|Any CPU.Build.0 = Debug|Any CPU
		{6C516934-EDC8-4450-A26C-838623DC67E1}.Release|Any CPU.ActiveCfg = Release|Any CPU
		{6C516934-EDC8-4450-A26C-838623DC67E1}.Release|Any CPU.Build.0 = Release|Any CPU
	EndGlobalSection
	GlobalSection(SolutionProperties) = preSolution
		HideSolutionNode = FALSE
	EndGlobalSection
	GlobalSection(ExtensibilityGlobals) = postSolution
		SolutionGuid = {D9929E34-FD47-4B0F-BC84-E9DCB32170E8}
	EndGlobalSection
EndGlobal
